PODS:
  - GoogleDataTransport (9.1.2):
    - GoogleUtilities/Environment (~> 7.2)
    - nanopb (~> 2.30908.0)
    - PromisesObjC (< 3.0, >= 1.2)
  - GoogleMLKit/MLKitCore (2.5.0):
    - MLKitCommon (~> 5.0.0)
  - GoogleMLKit/TextRecognition (2.5.0):
    - GoogleMLKit/MLKitCore
    - MLKitTextRecognition (~> 1.4.0-beta3)
  - GoogleToolboxForMac/DebugUtils (2.3.2):
    - GoogleToolboxForMac/Defines (= 2.3.2)
  - GoogleToolboxForMac/Defines (2.3.2)
  - GoogleToolboxForMac/Logger (2.3.2):
    - GoogleToolboxForMac/Defines (= 2.3.2)
  - "GoogleToolboxForMac/NSData+zlib (2.3.2)":
    - GoogleToolboxForMac/Defines (= 2.3.2)
  - "GoogleToolboxForMac/NSDictionary+URLArguments (2.3.2)":
    - GoogleToolboxForMac/DebugUtils (= 2.3.2)
    - GoogleToolboxForMac/Defines (= 2.3.2)
    - "GoogleToolboxForMac/NSString+URLArguments (= 2.3.2)"
  - "GoogleToolboxForMac/NSString+URLArguments (2.3.2)"
  - GoogleUtilities/Environment (7.7.0):
    - PromisesObjC (< 3.0, >= 1.2)
  - GoogleUtilities/Logger (7.7.0):
    - GoogleUtilities/Environment
  - GoogleUtilities/UserDefaults (7.7.0):
    - GoogleUtilities/Logger
  - GoogleUtilitiesComponents (1.1.0):
    - GoogleUtilities/Logger
  - GTMSessionFetcher/Core (1.7.0)
  - MLImage (1.0.0-beta2)
  - MLKitCommon (5.0.0):
    - GoogleDataTransport (~> 9.0)
    - GoogleToolboxForMac/Logger (~> 2.1)
    - "GoogleToolboxForMac/NSData+zlib (~> 2.1)"
    - "GoogleToolboxForMac/NSDictionary+URLArguments (~> 2.1)"
    - GoogleUtilities/UserDefaults (~> 7.0)
    - GoogleUtilitiesComponents (~> 1.0)
    - GTMSessionFetcher/Core (~> 1.1)
    - Protobuf (~> 3.12)
  - MLKitTextRecognition (1.4.0-beta3):
    - MLKitCommon (~> 5.0)
    - MLKitTextRecognitionCommon (= 1.0.0-beta3)
    - MLKitVision (~> 3.0)
  - MLKitTextRecognitionCommon (1.0.0-beta3):
    - MLKitCommon (~> 5.0)
    - MLKitVision (~> 3.0)
  - MLKitVision (3.0.0):
    - GoogleToolboxForMac/Logger (~> 2.1)
    - "GoogleToolboxForMac/NSData+zlib (~> 2.1)"
    - GTMSessionFetcher/Core (~> 1.1)
    - MLImage (= 1.0.0-beta2)
    - MLKitCommon (~> 5.0)
    - Protobuf (~> 3.12)
  - nanopb (2.30908.0):
    - nanopb/decode (= 2.30908.0)
    - nanopb/encode (= 2.30908.0)
  - nanopb/decode (2.30908.0)
  - nanopb/encode (2.30908.0)
  - NFCPassportReader (1.1.7):
    - OpenSSL-Universal (= 1.1.180)
  - OpenSSL-Universal (1.1.180)
  - PromisesObjC (2.0.0)
  - Protobuf (3.19.4)

DEPENDENCIES:
  - GoogleMLKit/TextRecognition
  - NFCPassportReader (from `https://github.com/AndyQ/NFCPassportReader.git`, tag `1.1.7`)

SPEC REPOS:
  trunk:
    - GoogleDataTransport
    - GoogleMLKit
    - GoogleToolboxForMac
    - GoogleUtilities
    - GoogleUtilitiesComponents
    - GTMSessionFetcher
    - MLImage
    - MLKitCommon
    - MLKitTextRecognition
    - MLKitTextRecognitionCommon
    - MLKitVision
    - nanopb
    - OpenSSL-Universal
    - PromisesObjC
    - Protobuf

EXTERNAL SOURCES:
  NFCPassportReader:
    :git: https://github.com/AndyQ/NFCPassportReader.git
    :tag: 1.1.7

CHECKOUT OPTIONS:
  NFCPassportReader:
    :git: https://github.com/AndyQ/NFCPassportReader.git
    :tag: 1.1.7

SPEC CHECKSUMS:
  GoogleDataTransport: 629c20a4d363167143f30ea78320d5a7eb8bd940
  GoogleMLKit: 0d7f5aa2f8a2f2ea9d849a05abdbe80974b0ec83
  GoogleToolboxForMac: 8bef7c7c5cf7291c687cf5354f39f9db6399ad34
  GoogleUtilities: e0913149f6b0625b553d70dae12b49fc62914fd1
  GoogleUtilitiesComponents: 679b2c881db3b615a2777504623df6122dd20afe
  GTMSessionFetcher: 43748f93435c2aa068b1cbe39655aaf600652e91
  MLImage: a454f9f8ecfd537783a12f9488f5be1a68820829
  MLKitCommon: 3bc17c6f7d25ce3660f030350b46ae7ec9ebca6e
  MLKitTextRecognition: 8b0e0023a4babc66ca83d8b82864e57931164445
  MLKitTextRecognitionCommon: 3e84602c928fe2b775fae81376f2136324cbd763
  MLKitVision: e87dc3f2e456a6ab32361ebd985e078dd2746143
  nanopb: a0ba3315591a9ae0a16a309ee504766e90db0c96
  NFCPassportReader: 7d8e4aa1b1a42d5f83db1e49a40691ff92da9679
  OpenSSL-Universal: 1aa4f6a6ee7256b83db99ec1ccdaa80d10f9af9b
  PromisesObjC: 68159ce6952d93e17b2dfe273b8c40907db5ba58
  Protobuf: 235750e4696ff59fb07d949a9dbbc92b3c0700fe

PODFILE CHECKSUM: a814d4c9fc68c2651cc3731c903c305bd0807177

COCOAPODS: 1.11.2
