// !$*UTF8*$!
{
	archiveVersion = 1;
	classes = {
	};
	objectVersion = 52;
	objects = {

/* Begin PBXBuildFile section */
		A628E468267CC8F50010F85C /* AppDelegate.swift in Sources */ = {isa = PBXBuildFile; fileRef = A628E467267CC8F50010F85C /* AppDelegate.swift */; };
		A628E46A267CC8F50010F85C /* SceneDelegate.swift in Sources */ = {isa = PBXBuildFile; fileRef = A628E469267CC8F50010F85C /* SceneDelegate.swift */; };
		A628E46C267CC8F50010F85C /* ViewController.swift in Sources */ = {isa = PBXBuildFile; fileRef = A628E46B267CC8F50010F85C /* ViewController.swift */; };
		A628E46F267CC8F50010F85C /* Main.storyboard in Resources */ = {isa = PBXBuildFile; fileRef = A628E46D267CC8F50010F85C /* Main.storyboard */; };
		A628E471267CC8F80010F85C /* Assets.xcassets in Resources */ = {isa = PBXBuildFile; fileRef = A628E470267CC8F80010F85C /* Assets.xcassets */; };
		A628E474267CC8F80010F85C /* LaunchScreen.storyboard in Resources */ = {isa = PBXBuildFile; fileRef = A628E472267CC8F80010F85C /* LaunchScreen.storyboard */; };
		A628E608267CCB9F0010F85C /* DesignsbleView.swift in Sources */ = {isa = PBXBuildFile; fileRef = A628E607267CCB9F0010F85C /* DesignsbleView.swift */; };
		A628E62E267CCC680010F85C /* OpenSans-Regular.ttf in Resources */ = {isa = PBXBuildFile; fileRef = A628E62A267CCC680010F85C /* OpenSans-Regular.ttf */; };
		A628E62F267CCC680010F85C /* OpenSans-ExtraBold.ttf in Resources */ = {isa = PBXBuildFile; fileRef = A628E62B267CCC680010F85C /* OpenSans-ExtraBold.ttf */; };
		A628E630267CCC680010F85C /* OpenSans-Bold.ttf in Resources */ = {isa = PBXBuildFile; fileRef = A628E62C267CCC680010F85C /* OpenSans-Bold.ttf */; };
		A628E631267CCC680010F85C /* OpenSans-Semibold.ttf in Resources */ = {isa = PBXBuildFile; fileRef = A628E62D267CCC680010F85C /* OpenSans-Semibold.ttf */; };
		B69E728C2938CD73006CF46D /* Localizable.strings in Resources */ = {isa = PBXBuildFile; fileRef = B69E728E2938CD73006CF46D /* Localizable.strings */; };
		B6A1E2162758F70A002DF2B9 /* (null) in Embed Frameworks */ = {isa = PBXBuildFile; settings = {ATTRIBUTES = (CodeSignOnCopy, RemoveHeadersOnCopy, ); }; };
		B6A4F9C5282CE44E002AED6C /* ShuftiPro.framework in Frameworks */ = {isa = PBXBuildFile; fileRef = B6A4F9C3282CE447002AED6C /* ShuftiPro.framework */; platformFilter = ios; };
		B6A4F9C6282CE44E002AED6C /* ShuftiPro.framework in Embed Frameworks */ = {isa = PBXBuildFile; fileRef = B6A4F9C3282CE447002AED6C /* ShuftiPro.framework */; platformFilter = ios; settings = {ATTRIBUTES = (CodeSignOnCopy, RemoveHeadersOnCopy, ); }; };
		F0F1AD84903220D2DCC2DA41 /* Pods_ShuftiPro_Demo.framework in Frameworks */ = {isa = PBXBuildFile; fileRef = F500D8C6A2C7FBB961A78C9E /* Pods_ShuftiPro_Demo.framework */; };
/* End PBXBuildFile section */

/* Begin PBXCopyFilesBuildPhase section */
		A6EDC6ED268DE964005312CC /* Embed Frameworks */ = {
			isa = PBXCopyFilesBuildPhase;
			buildActionMask = 2147483647;
			dstPath = "";
			dstSubfolderSpec = 10;
			files = (
				B6A1E2162758F70A002DF2B9 /* (null) in Embed Frameworks */,
				B6A4F9C6282CE44E002AED6C /* ShuftiPro.framework in Embed Frameworks */,
			);
			name = "Embed Frameworks";
			runOnlyForDeploymentPostprocessing = 0;
		};
/* End PBXCopyFilesBuildPhase section */

/* Begin PBXFileReference section */
		22C3F2908D330E35552839C7 /* Pods-ShuftiPro Demo.release.xcconfig */ = {isa = PBXFileReference; includeInIndex = 1; lastKnownFileType = text.xcconfig; name = "Pods-ShuftiPro Demo.release.xcconfig"; path = "Target Support Files/Pods-ShuftiPro Demo/Pods-ShuftiPro Demo.release.xcconfig"; sourceTree = "<group>"; };
		A628E464267CC8F50010F85C /* ShuftiPro Demo.app */ = {isa = PBXFileReference; explicitFileType = wrapper.application; includeInIndex = 0; path = "ShuftiPro Demo.app"; sourceTree = BUILT_PRODUCTS_DIR; };
		A628E467267CC8F50010F85C /* AppDelegate.swift */ = {isa = PBXFileReference; lastKnownFileType = sourcecode.swift; path = AppDelegate.swift; sourceTree = "<group>"; };
		A628E469267CC8F50010F85C /* SceneDelegate.swift */ = {isa = PBXFileReference; lastKnownFileType = sourcecode.swift; path = SceneDelegate.swift; sourceTree = "<group>"; };
		A628E46B267CC8F50010F85C /* ViewController.swift */ = {isa = PBXFileReference; lastKnownFileType = sourcecode.swift; path = ViewController.swift; sourceTree = "<group>"; };
		A628E46E267CC8F50010F85C /* Base */ = {isa = PBXFileReference; lastKnownFileType = file.storyboard; name = Base; path = Base.lproj/Main.storyboard; sourceTree = "<group>"; };
		A628E470267CC8F80010F85C /* Assets.xcassets */ = {isa = PBXFileReference; lastKnownFileType = folder.assetcatalog; path = Assets.xcassets; sourceTree = "<group>"; };
		A628E473267CC8F80010F85C /* Base */ = {isa = PBXFileReference; lastKnownFileType = file.storyboard; name = Base; path = Base.lproj/LaunchScreen.storyboard; sourceTree = "<group>"; };
		A628E475267CC8F80010F85C /* Info.plist */ = {isa = PBXFileReference; lastKnownFileType = text.plist.xml; path = Info.plist; sourceTree = "<group>"; };
		A628E47C267CC9250010F85C /* ShuftiPro Demo.entitlements */ = {isa = PBXFileReference; lastKnownFileType = text.plist.entitlements; path = "ShuftiPro Demo.entitlements"; sourceTree = "<group>"; };
		A628E607267CCB9F0010F85C /* DesignsbleView.swift */ = {isa = PBXFileReference; fileEncoding = 4; lastKnownFileType = sourcecode.swift; path = DesignsbleView.swift; sourceTree = "<group>"; };
		A628E62A267CCC680010F85C /* OpenSans-Regular.ttf */ = {isa = PBXFileReference; lastKnownFileType = file; path = "OpenSans-Regular.ttf"; sourceTree = "<group>"; };
		A628E62B267CCC680010F85C /* OpenSans-ExtraBold.ttf */ = {isa = PBXFileReference; lastKnownFileType = file; path = "OpenSans-ExtraBold.ttf"; sourceTree = "<group>"; };
		A628E62C267CCC680010F85C /* OpenSans-Bold.ttf */ = {isa = PBXFileReference; lastKnownFileType = file; path = "OpenSans-Bold.ttf"; sourceTree = "<group>"; };
		A628E62D267CCC680010F85C /* OpenSans-Semibold.ttf */ = {isa = PBXFileReference; lastKnownFileType = file; path = "OpenSans-Semibold.ttf"; sourceTree = "<group>"; };
		B69E728D2938CD73006CF46D /* en */ = {isa = PBXFileReference; lastKnownFileType = text.plist.strings; name = en; path = en.lproj/Localizable.strings; sourceTree = "<group>"; };
		B6A4F9C3282CE447002AED6C /* ShuftiPro.framework */ = {isa = PBXFileReference; lastKnownFileType = wrapper.framework; path = ShuftiPro.framework; sourceTree = "<group>"; };
		F500D8C6A2C7FBB961A78C9E /* Pods_ShuftiPro_Demo.framework */ = {isa = PBXFileReference; explicitFileType = wrapper.framework; includeInIndex = 0; path = Pods_ShuftiPro_Demo.framework; sourceTree = BUILT_PRODUCTS_DIR; };
		F55A9FC0B70D697C9EAE2AE4 /* Pods-ShuftiPro Demo.debug.xcconfig */ = {isa = PBXFileReference; includeInIndex = 1; lastKnownFileType = text.xcconfig; name = "Pods-ShuftiPro Demo.debug.xcconfig"; path = "Target Support Files/Pods-ShuftiPro Demo/Pods-ShuftiPro Demo.debug.xcconfig"; sourceTree = "<group>"; };
/* End PBXFileReference section */

/* Begin PBXFrameworksBuildPhase section */
		A628E461267CC8F50010F85C /* Frameworks */ = {
			isa = PBXFrameworksBuildPhase;
			buildActionMask = 2147483647;
			files = (
				F0F1AD84903220D2DCC2DA41 /* Pods_ShuftiPro_Demo.framework in Frameworks */,
				B6A4F9C5282CE44E002AED6C /* ShuftiPro.framework in Frameworks */,
			);
			runOnlyForDeploymentPostprocessing = 0;
		};
/* End PBXFrameworksBuildPhase section */

/* Begin PBXGroup section */
		3F2EE321476E72381A9C5C32 /* Pods */ = {
			isa = PBXGroup;
			children = (
				F55A9FC0B70D697C9EAE2AE4 /* Pods-ShuftiPro Demo.debug.xcconfig */,
				22C3F2908D330E35552839C7 /* Pods-ShuftiPro Demo.release.xcconfig */,
			);
			path = Pods;
			sourceTree = "<group>";
		};
		9FD7C9B9E7AAD3FF7A7F554A /* Frameworks */ = {
			isa = PBXGroup;
			children = (
				B6A4F9C3282CE447002AED6C /* ShuftiPro.framework */,
				F500D8C6A2C7FBB961A78C9E /* Pods_ShuftiPro_Demo.framework */,
			);
			name = Frameworks;
			sourceTree = "<group>";
		};
		A628E45B267CC8F50010F85C = {
			isa = PBXGroup;
			children = (
				A628E466267CC8F50010F85C /* ShuftiPro Demo */,
				A628E465267CC8F50010F85C /* Products */,
				3F2EE321476E72381A9C5C32 /* Pods */,
				9FD7C9B9E7AAD3FF7A7F554A /* Frameworks */,
			);
			sourceTree = "<group>";
		};
		A628E465267CC8F50010F85C /* Products */ = {
			isa = PBXGroup;
			children = (
				A628E464267CC8F50010F85C /* ShuftiPro Demo.app */,
			);
			name = Products;
			sourceTree = "<group>";
		};
		A628E466267CC8F50010F85C /* ShuftiPro Demo */ = {
			isa = PBXGroup;
			children = (
				B69E72892938CD5F006CF46D /* Localizable File */,
				A628E629267CCC590010F85C /* Fonts */,
				A628E47C267CC9250010F85C /* ShuftiPro Demo.entitlements */,
				A628E467267CC8F50010F85C /* AppDelegate.swift */,
				A628E469267CC8F50010F85C /* SceneDelegate.swift */,
				A628E46B267CC8F50010F85C /* ViewController.swift */,
				A628E607267CCB9F0010F85C /* DesignsbleView.swift */,
				A628E46D267CC8F50010F85C /* Main.storyboard */,
				A628E470267CC8F80010F85C /* Assets.xcassets */,
				A628E472267CC8F80010F85C /* LaunchScreen.storyboard */,
				A628E475267CC8F80010F85C /* Info.plist */,
			);
			path = "ShuftiPro Demo";
			sourceTree = "<group>";
		};
		A628E629267CCC590010F85C /* Fonts */ = {
			isa = PBXGroup;
			children = (
				A628E62C267CCC680010F85C /* OpenSans-Bold.ttf */,
				A628E62B267CCC680010F85C /* OpenSans-ExtraBold.ttf */,
				A628E62A267CCC680010F85C /* OpenSans-Regular.ttf */,
				A628E62D267CCC680010F85C /* OpenSans-Semibold.ttf */,
			);
			path = Fonts;
			sourceTree = "<group>";
		};
		B69E72892938CD5F006CF46D /* Localizable File */ = {
			isa = PBXGroup;
			children = (
				B69E728E2938CD73006CF46D /* Localizable.strings */,
			);
			path = "Localizable File";
			sourceTree = "<group>";
		};
/* End PBXGroup section */

/* Begin PBXNativeTarget section */
		A628E463267CC8F50010F85C /* ShuftiPro Demo */ = {
			isa = PBXNativeTarget;
			buildConfigurationList = A628E478267CC8F80010F85C /* Build configuration list for PBXNativeTarget "ShuftiPro Demo" */;
			buildPhases = (
				BAF8FFA49E9EE5ED64AB91BC /* [CP] Check Pods Manifest.lock */,
				A628E460267CC8F50010F85C /* Sources */,
				A628E461267CC8F50010F85C /* Frameworks */,
				A628E462267CC8F50010F85C /* Resources */,
				A6EDC6ED268DE964005312CC /* Embed Frameworks */,
			);
			buildRules = (
			);
			dependencies = (
			);
			name = "ShuftiPro Demo";
			productName = "ShuftiPro Demo";
			productReference = A628E464267CC8F50010F85C /* ShuftiPro Demo.app */;
			productType = "com.apple.product-type.application";
		};
/* End PBXNativeTarget section */

/* Begin PBXProject section */
		A628E45C267CC8F50010F85C /* Project object */ = {
			isa = PBXProject;
			attributes = {
				LastSwiftUpdateCheck = 1240;
				LastUpgradeCheck = 1240;
				TargetAttributes = {
					A628E463267CC8F50010F85C = {
						CreatedOnToolsVersion = 12.4;
					};
				};
			};
			buildConfigurationList = A628E45F267CC8F50010F85C /* Build configuration list for PBXProject "ShuftiPro Demo" */;
			compatibilityVersion = "Xcode 9.3";
			developmentRegion = en;
			hasScannedForEncodings = 0;
			knownRegions = (
				en,
				Base,
			);
			mainGroup = A628E45B267CC8F50010F85C;
			productRefGroup = A628E465267CC8F50010F85C /* Products */;
			projectDirPath = "";
			projectRoot = "";
			targets = (
				A628E463267CC8F50010F85C /* ShuftiPro Demo */,
			);
		};
/* End PBXProject section */

/* Begin PBXResourcesBuildPhase section */
		A628E462267CC8F50010F85C /* Resources */ = {
			isa = PBXResourcesBuildPhase;
			buildActionMask = 2147483647;
			files = (
				A628E474267CC8F80010F85C /* LaunchScreen.storyboard in Resources */,
				A628E471267CC8F80010F85C /* Assets.xcassets in Resources */,
				A628E630267CCC680010F85C /* OpenSans-Bold.ttf in Resources */,
				A628E62E267CCC680010F85C /* OpenSans-Regular.ttf in Resources */,
				A628E46F267CC8F50010F85C /* Main.storyboard in Resources */,
				B69E728C2938CD73006CF46D /* Localizable.strings in Resources */,
				A628E631267CCC680010F85C /* OpenSans-Semibold.ttf in Resources */,
				A628E62F267CCC680010F85C /* OpenSans-ExtraBold.ttf in Resources */,
			);
			runOnlyForDeploymentPostprocessing = 0;
		};
/* End PBXResourcesBuildPhase section */

/* Begin PBXShellScriptBuildPhase section */
		BAF8FFA49E9EE5ED64AB91BC /* [CP] Check Pods Manifest.lock */ = {
			isa = PBXShellScriptBuildPhase;
			buildActionMask = 2147483647;
			files = (
			);
			inputFileListPaths = (
			);
			inputPaths = (
				"${PODS_PODFILE_DIR_PATH}/Podfile.lock",
				"${PODS_ROOT}/Manifest.lock",
			);
			name = "[CP] Check Pods Manifest.lock";
			outputFileListPaths = (
			);
			outputPaths = (
				"$(DERIVED_FILE_DIR)/Pods-ShuftiPro Demo-checkManifestLockResult.txt",
			);
			runOnlyForDeploymentPostprocessing = 0;
			shellPath = /bin/sh;
			shellScript = "diff \"${PODS_PODFILE_DIR_PATH}/Podfile.lock\" \"${PODS_ROOT}/Manifest.lock\" > /dev/null\nif [ $? != 0 ] ; then\n    # print error to STDERR\n    echo \"error: The sandbox is not in sync with the Podfile.lock. Run 'pod install' or update your CocoaPods installation.\" >&2\n    exit 1\nfi\n# This output is used by Xcode 'outputs' to avoid re-running this script phase.\necho \"SUCCESS\" > \"${SCRIPT_OUTPUT_FILE_0}\"\n";
			showEnvVarsInLog = 0;
		};
/* End PBXShellScriptBuildPhase section */

/* Begin PBXSourcesBuildPhase section */
		A628E460267CC8F50010F85C /* Sources */ = {
			isa = PBXSourcesBuildPhase;
			buildActionMask = 2147483647;
			files = (
				A628E46C267CC8F50010F85C /* ViewController.swift in Sources */,
				A628E468267CC8F50010F85C /* AppDelegate.swift in Sources */,
				A628E608267CCB9F0010F85C /* DesignsbleView.swift in Sources */,
				A628E46A267CC8F50010F85C /* SceneDelegate.swift in Sources */,
			);
			runOnlyForDeploymentPostprocessing = 0;
		};
/* End PBXSourcesBuildPhase section */

/* Begin PBXVariantGroup section */
		A628E46D267CC8F50010F85C /* Main.storyboard */ = {
			isa = PBXVariantGroup;
			children = (
				A628E46E267CC8F50010F85C /* Base */,
			);
			name = Main.storyboard;
			sourceTree = "<group>";
		};
		A628E472267CC8F80010F85C /* LaunchScreen.storyboard */ = {
			isa = PBXVariantGroup;
			children = (
				A628E473267CC8F80010F85C /* Base */,
			);
			name = LaunchScreen.storyboard;
			sourceTree = "<group>";
		};
		B69E728E2938CD73006CF46D /* Localizable.strings */ = {
			isa = PBXVariantGroup;
			children = (
				B69E728D2938CD73006CF46D /* en */,
			);
			name = Localizable.strings;
			path = "../../../Localizable File";
			sourceTree = "<group>";
		};
/* End PBXVariantGroup section */

/* Begin XCBuildConfiguration section */
		A628E476267CC8F80010F85C /* Debug */ = {
			isa = XCBuildConfiguration;
			buildSettings = {
				ALWAYS_SEARCH_USER_PATHS = NO;
				CLANG_ANALYZER_NONNULL = YES;
				CLANG_ANALYZER_NUMBER_OBJECT_CONVERSION = YES_AGGRESSIVE;
				CLANG_CXX_LANGUAGE_STANDARD = "gnu++14";
				CLANG_CXX_LIBRARY = "libc++";
				CLANG_ENABLE_MODULES = YES;
				CLANG_ENABLE_OBJC_ARC = YES;
				CLANG_ENABLE_OBJC_WEAK = YES;
				CLANG_WARN_BLOCK_CAPTURE_AUTORELEASING = YES;
				CLANG_WARN_BOOL_CONVERSION = YES;
				CLANG_WARN_COMMA = YES;
				CLANG_WARN_CONSTANT_CONVERSION = YES;
				CLANG_WARN_DEPRECATED_OBJC_IMPLEMENTATIONS = YES;
				CLANG_WARN_DIRECT_OBJC_ISA_USAGE = YES_ERROR;
				CLANG_WARN_DOCUMENTATION_COMMENTS = YES;
				CLANG_WARN_EMPTY_BODY = YES;
				CLANG_WARN_ENUM_CONVERSION = YES;
				CLANG_WARN_INFINITE_RECURSION = YES;
				CLANG_WARN_INT_CONVERSION = YES;
				CLANG_WARN_NON_LITERAL_NULL_CONVERSION = YES;
				CLANG_WARN_OBJC_IMPLICIT_RETAIN_SELF = YES;
				CLANG_WARN_OBJC_LITERAL_CONVERSION = YES;
				CLANG_WARN_OBJC_ROOT_CLASS = YES_ERROR;
				CLANG_WARN_QUOTED_INCLUDE_IN_FRAMEWORK_HEADER = YES;
				CLANG_WARN_RANGE_LOOP_ANALYSIS = YES;
				CLANG_WARN_STRICT_PROTOTYPES = YES;
				CLANG_WARN_SUSPICIOUS_MOVE = YES;
				CLANG_WARN_UNGUARDED_AVAILABILITY = YES_AGGRESSIVE;
				CLANG_WARN_UNREACHABLE_CODE = YES;
				CLANG_WARN__DUPLICATE_METHOD_MATCH = YES;
				COPY_PHASE_STRIP = NO;
				DEBUG_INFORMATION_FORMAT = dwarf;
				ENABLE_STRICT_OBJC_MSGSEND = YES;
				ENABLE_TESTABILITY = YES;
				GCC_C_LANGUAGE_STANDARD = gnu11;
				GCC_DYNAMIC_NO_PIC = NO;
				GCC_NO_COMMON_BLOCKS = YES;
				GCC_OPTIMIZATION_LEVEL = 0;
				GCC_PREPROCESSOR_DEFINITIONS = (
					"DEBUG=1",
					"$(inherited)",
				);
				GCC_WARN_64_TO_32_BIT_CONVERSION = YES;
				GCC_WARN_ABOUT_RETURN_TYPE = YES_ERROR;
				GCC_WARN_UNDECLARED_SELECTOR = YES;
				GCC_WARN_UNINITIALIZED_AUTOS = YES_AGGRESSIVE;
				GCC_WARN_UNUSED_FUNCTION = YES;
				GCC_WARN_UNUSED_VARIABLE = YES;
				IPHONEOS_DEPLOYMENT_TARGET = 13.0;
				MTL_ENABLE_DEBUG_INFO = INCLUDE_SOURCE;
				MTL_FAST_MATH = YES;
				ONLY_ACTIVE_ARCH = YES;
				SDKROOT = iphoneos;
				SWIFT_ACTIVE_COMPILATION_CONDITIONS = DEBUG;
				SWIFT_OPTIMIZATION_LEVEL = "-Onone";
			};
			name = Debug;
		};
		A628E477267CC8F80010F85C /* Release */ = {
			isa = XCBuildConfiguration;
			buildSettings = {
				ALWAYS_SEARCH_USER_PATHS = NO;
				CLANG_ANALYZER_NONNULL = YES;
				CLANG_ANALYZER_NUMBER_OBJECT_CONVERSION = YES_AGGRESSIVE;
				CLANG_CXX_LANGUAGE_STANDARD = "gnu++14";
				CLANG_CXX_LIBRARY = "libc++";
				CLANG_ENABLE_MODULES = YES;
				CLANG_ENABLE_OBJC_ARC = YES;
				CLANG_ENABLE_OBJC_WEAK = YES;
				CLANG_WARN_BLOCK_CAPTURE_AUTORELEASING = YES;
				CLANG_WARN_BOOL_CONVERSION = YES;
				CLANG_WARN_COMMA = YES;
				CLANG_WARN_CONSTANT_CONVERSION = YES;
				CLANG_WARN_DEPRECATED_OBJC_IMPLEMENTATIONS = YES;
				CLANG_WARN_DIRECT_OBJC_ISA_USAGE = YES_ERROR;
				CLANG_WARN_DOCUMENTATION_COMMENTS = YES;
				CLANG_WARN_EMPTY_BODY = YES;
				CLANG_WARN_ENUM_CONVERSION = YES;
				CLANG_WARN_INFINITE_RECURSION = YES;
				CLANG_WARN_INT_CONVERSION = YES;
				CLANG_WARN_NON_LITERAL_NULL_CONVERSION = YES;
				CLANG_WARN_OBJC_IMPLICIT_RETAIN_SELF = YES;
				CLANG_WARN_OBJC_LITERAL_CONVERSION = YES;
				CLANG_WARN_OBJC_ROOT_CLASS = YES_ERROR;
				CLANG_WARN_QUOTED_INCLUDE_IN_FRAMEWORK_HEADER = YES;
				CLANG_WARN_RANGE_LOOP_ANALYSIS = YES;
				CLANG_WARN_STRICT_PROTOTYPES = YES;
				CLANG_WARN_SUSPICIOUS_MOVE = YES;
				CLANG_WARN_UNGUARDED_AVAILABILITY = YES_AGGRESSIVE;
				CLANG_WARN_UNREACHABLE_CODE = YES;
				CLANG_WARN__DUPLICATE_METHOD_MATCH = YES;
				COPY_PHASE_STRIP = NO;
				DEBUG_INFORMATION_FORMAT = "dwarf-with-dsym";
				ENABLE_NS_ASSERTIONS = NO;
				ENABLE_STRICT_OBJC_MSGSEND = YES;
				GCC_C_LANGUAGE_STANDARD = gnu11;
				GCC_NO_COMMON_BLOCKS = YES;
				GCC_WARN_64_TO_32_BIT_CONVERSION = YES;
				GCC_WARN_ABOUT_RETURN_TYPE = YES_ERROR;
				GCC_WARN_UNDECLARED_SELECTOR = YES;
				GCC_WARN_UNINITIALIZED_AUTOS = YES_AGGRESSIVE;
				GCC_WARN_UNUSED_FUNCTION = YES;
				GCC_WARN_UNUSED_VARIABLE = YES;
				IPHONEOS_DEPLOYMENT_TARGET = 13.0;
				MTL_ENABLE_DEBUG_INFO = NO;
				MTL_FAST_MATH = YES;
				SDKROOT = iphoneos;
				SWIFT_COMPILATION_MODE = wholemodule;
				SWIFT_OPTIMIZATION_LEVEL = "-O";
				VALIDATE_PRODUCT = YES;
			};
			name = Release;
		};
		A628E479267CC8F80010F85C /* Debug */ = {
			isa = XCBuildConfiguration;
			baseConfigurationReference = F55A9FC0B70D697C9EAE2AE4 /* Pods-ShuftiPro Demo.debug.xcconfig */;
			buildSettings = {
				ASSETCATALOG_COMPILER_APPICON_NAME = AppIcon;
				ASSETCATALOG_COMPILER_GLOBAL_ACCENT_COLOR_NAME = AccentColor;
				CODE_SIGN_ENTITLEMENTS = "ShuftiPro Demo/ShuftiPro Demo.entitlements";
				CODE_SIGN_STYLE = Automatic;
				DEVELOPMENT_TEAM = SY9GC8368B;
				ENABLE_BITCODE = NO;
				FRAMEWORK_SEARCH_PATHS = (
					"$(inherited)",
					"$(PROJECT_DIR)",
					"$(BUILT_PRODUCT_DIR)/ShuftiPro",
					"$(BUILT_PRODUCT_DIR)/NFCPassportReader",
					"$(PROJECT_DIR)/ShuftiPro\\ Demo",
					"$(PROJECT_DIR)/ShuftiPro\\ Demo",
					"$(PROJECT_DIR)/ShuftiPro\\ Demo",
					"$(PROJECT_DIR)/ShuftiPro\\ Demo",
					"$(PROJECT_DIR)/ShuftiPro\\ Demo",
				);
				INFOPLIST_FILE = "ShuftiPro Demo/Info.plist";
				IPHONEOS_DEPLOYMENT_TARGET = 13.0;
				LD_RUNPATH_SEARCH_PATHS = (
					"$(inherited)",
					"@executable_path/Frameworks",
					"$(BUILT_PRODUCT_DIR)/ShuftiPro",
					"$(BUILT_PRODUCT_DIR)/NFCPassportReader",
				);
				PRODUCT_BUNDLE_IDENTIFIER = com.shufti;
				PRODUCT_NAME = "$(TARGET_NAME)";
				SWIFT_VERSION = 5.0;
				TARGETED_DEVICE_FAMILY = "1,2";
				VALIDATE_WORKSPACE = YES;
			};
			name = Debug;
		};
		A628E47A267CC8F80010F85C /* Release */ = {
			isa = XCBuildConfiguration;
			baseConfigurationReference = 22C3F2908D330E35552839C7 /* Pods-ShuftiPro Demo.release.xcconfig */;
			buildSettings = {
				ASSETCATALOG_COMPILER_APPICON_NAME = AppIcon;
				ASSETCATALOG_COMPILER_GLOBAL_ACCENT_COLOR_NAME = AccentColor;
				CODE_SIGN_ENTITLEMENTS = "ShuftiPro Demo/ShuftiPro Demo.entitlements";
				CODE_SIGN_STYLE = Automatic;
				DEVELOPMENT_TEAM = SY9GC8368B;
				ENABLE_BITCODE = NO;
				FRAMEWORK_SEARCH_PATHS = (
					"$(inherited)",
					"$(PROJECT_DIR)",
					"$(BUILT_PRODUCT_DIR)/ShuftiPro",
					"$(BUILT_PRODUCT_DIR)/NFCPassportReader",
					"$(PROJECT_DIR)/ShuftiPro\\ Demo",
					"$(PROJECT_DIR)/ShuftiPro\\ Demo",
					"$(PROJECT_DIR)/ShuftiPro\\ Demo",
					"$(PROJECT_DIR)/ShuftiPro\\ Demo",
					"$(PROJECT_DIR)/ShuftiPro\\ Demo",
				);
				INFOPLIST_FILE = "ShuftiPro Demo/Info.plist";
				IPHONEOS_DEPLOYMENT_TARGET = 13.0;
				LD_RUNPATH_SEARCH_PATHS = (
					"$(inherited)",
					"@executable_path/Frameworks",
					"$(BUILT_PRODUCT_DIR)/ShuftiPro",
					"$(BUILT_PRODUCT_DIR)/NFCPassportReader",
				);
				PRODUCT_BUNDLE_IDENTIFIER = com.shufti;
				PRODUCT_NAME = "$(TARGET_NAME)";
				SWIFT_VERSION = 5.0;
				TARGETED_DEVICE_FAMILY = "1,2";
				VALIDATE_WORKSPACE = YES;
			};
			name = Release;
		};
/* End XCBuildConfiguration section */

/* Begin XCConfigurationList section */
		A628E45F267CC8F50010F85C /* Build configuration list for PBXProject "ShuftiPro Demo" */ = {
			isa = XCConfigurationList;
			buildConfigurations = (
				A628E476267CC8F80010F85C /* Debug */,
				A628E477267CC8F80010F85C /* Release */,
			);
			defaultConfigurationIsVisible = 0;
			defaultConfigurationName = Release;
		};
		A628E478267CC8F80010F85C /* Build configuration list for PBXNativeTarget "ShuftiPro Demo" */ = {
			isa = XCConfigurationList;
			buildConfigurations = (
				A628E479267CC8F80010F85C /* Debug */,
				A628E47A267CC8F80010F85C /* Release */,
			);
			defaultConfigurationIsVisible = 0;
			defaultConfigurationName = Release;
		};
/* End XCConfigurationList section */
	};
	rootObject = A628E45C267CC8F50010F85C /* Project object */;
}
