// !$*UTF8*$!
{
	archiveVersion = 1;
	classes = {
	};
	objectVersion = 48;
	objects = {

/* Begin PBXBuildFile section */
		9F4AAAEF203D643200ADA681 /* AppDelegate.swift in Sources */ = {isa = PBXBuildFile; fileRef = 9F4AAAEE203D643200ADA681 /* AppDelegate.swift */; };
		9F4AAAF1203D643200ADA681 /* ViewController.swift in Sources */ = {isa = PBXBuildFile; fileRef = 9F4AAAF0203D643200ADA681 /* ViewController.swift */; };
		9F4AAAF4203D643200ADA681 /* Main.storyboard in Resources */ = {isa = PBXBuildFile; fileRef = 9F4AAAF2203D643200ADA681 /* Main.storyboard */; };
		9F4AAAF6203D643200ADA681 /* Assets.xcassets in Resources */ = {isa = PBXBuildFile; fileRef = 9F4AAAF5203D643200ADA681 /* Assets.xcassets */; };
		9F4AAAF9203D643200ADA681 /* LaunchScreen.storyboard in Resources */ = {isa = PBXBuildFile; fileRef = 9F4AAAF7203D643200ADA681 /* LaunchScreen.storyboard */; };
		9F8D9CE920FF760600D08B15 /* ShuftiPro.framework in Frameworks */ = {isa = PBXBuildFile; fileRef = 9F8D9CE820FF760600D08B15 /* ShuftiPro.framework */; };
		9F8D9CEA20FF760600D08B15 /* ShuftiPro.framework in Embed Frameworks */ = {isa = PBXBuildFile; fileRef = 9F8D9CE820FF760600D08B15 /* ShuftiPro.framework */; settings = {ATTRIBUTES = (CodeSignOnCopy, RemoveHeadersOnCopy, ); }; };
		9FC1E214203EA4480042DEC0 /* FirstViewController.swift in Sources */ = {isa = PBXBuildFile; fileRef = 9FC1E213203EA4480042DEC0 /* FirstViewController.swift */; };
		9FC1E216203EAEA00042DEC0 /* CurvedView.swift in Sources */ = {isa = PBXBuildFile; fileRef = 9FC1E215203EAEA00042DEC0 /* CurvedView.swift */; };
		9FC1E218203EBC0F0042DEC0 /* ElementShadow.swift in Sources */ = {isa = PBXBuildFile; fileRef = 9FC1E217203EBC0F0042DEC0 /* ElementShadow.swift */; };
		9FC1E21B203EF7290042DEC0 /* CustomBtns.swift in Sources */ = {isa = PBXBuildFile; fileRef = 9FC1E21A203EF7290042DEC0 /* CustomBtns.swift */; };
		9FC1E21D203F0A460042DEC0 /* DesignableUITextField.swift in Sources */ = {isa = PBXBuildFile; fileRef = 9FC1E21C203F0A460042DEC0 /* DesignableUITextField.swift */; };
		9FC1E227203F30A30042DEC0 /* TPKeyboardAvoidingScrollView.m in Sources */ = {isa = PBXBuildFile; fileRef = 9FC1E21F203F30A20042DEC0 /* TPKeyboardAvoidingScrollView.m */; };
		9FC1E228203F30A30042DEC0 /* UIScrollView+TPKeyboardAvoidingAdditions.m in Sources */ = {isa = PBXBuildFile; fileRef = 9FC1E221203F30A20042DEC0 /* UIScrollView+TPKeyboardAvoidingAdditions.m */; };
		9FC1E229203F30A30042DEC0 /* TPKeyboardAvoidingCollectionView.m in Sources */ = {isa = PBXBuildFile; fileRef = 9FC1E223203F30A20042DEC0 /* TPKeyboardAvoidingCollectionView.m */; };
		9FC1E22A203F30A30042DEC0 /* TPKeyboardAvoidingTableView.m in Sources */ = {isa = PBXBuildFile; fileRef = 9FC1E226203F30A30042DEC0 /* TPKeyboardAvoidingTableView.m */; };
/* End PBXBuildFile section */

/* Begin PBXCopyFilesBuildPhase section */
		9F4AAB03203D647C00ADA681 /* Embed Frameworks */ = {
			isa = PBXCopyFilesBuildPhase;
			buildActionMask = 2147483647;
			dstPath = "";
			dstSubfolderSpec = 10;
			files = (
				9F8D9CEA20FF760600D08B15 /* ShuftiPro.framework in Embed Frameworks */,
			);
			name = "Embed Frameworks";
			runOnlyForDeploymentPostprocessing = 0;
		};
/* End PBXCopyFilesBuildPhase section */

/* Begin PBXFileReference section */
		9F4AAAEB203D643200ADA681 /* Sample.app */ = {isa = PBXFileReference; explicitFileType = wrapper.application; includeInIndex = 0; path = Sample.app; sourceTree = BUILT_PRODUCTS_DIR; };
		9F4AAAEE203D643200ADA681 /* AppDelegate.swift */ = {isa = PBXFileReference; lastKnownFileType = sourcecode.swift; path = AppDelegate.swift; sourceTree = "<group>"; };
		9F4AAAF0203D643200ADA681 /* ViewController.swift */ = {isa = PBXFileReference; lastKnownFileType = sourcecode.swift; path = ViewController.swift; sourceTree = "<group>"; };
		9F4AAAF3203D643200ADA681 /* Base */ = {isa = PBXFileReference; lastKnownFileType = file.storyboard; name = Base; path = Base.lproj/Main.storyboard; sourceTree = "<group>"; };
		9F4AAAF5203D643200ADA681 /* Assets.xcassets */ = {isa = PBXFileReference; lastKnownFileType = folder.assetcatalog; path = Assets.xcassets; sourceTree = "<group>"; };
		9F4AAAF8203D643200ADA681 /* Base */ = {isa = PBXFileReference; lastKnownFileType = file.storyboard; name = Base; path = Base.lproj/LaunchScreen.storyboard; sourceTree = "<group>"; };
		9F4AAAFA203D643200ADA681 /* Info.plist */ = {isa = PBXFileReference; lastKnownFileType = text.plist.xml; path = Info.plist; sourceTree = "<group>"; };
		9F8D9CE820FF760600D08B15 /* ShuftiPro.framework */ = {isa = PBXFileReference; lastKnownFileType = wrapper.framework; path = ShuftiPro.framework; sourceTree = "<group>"; };
		9FC1E213203EA4480042DEC0 /* FirstViewController.swift */ = {isa = PBXFileReference; lastKnownFileType = sourcecode.swift; path = FirstViewController.swift; sourceTree = "<group>"; };
		9FC1E215203EAEA00042DEC0 /* CurvedView.swift */ = {isa = PBXFileReference; lastKnownFileType = sourcecode.swift; path = CurvedView.swift; sourceTree = "<group>"; };
		9FC1E217203EBC0F0042DEC0 /* ElementShadow.swift */ = {isa = PBXFileReference; lastKnownFileType = sourcecode.swift; path = ElementShadow.swift; sourceTree = "<group>"; };
		9FC1E21A203EF7290042DEC0 /* CustomBtns.swift */ = {isa = PBXFileReference; lastKnownFileType = sourcecode.swift; path = CustomBtns.swift; sourceTree = "<group>"; };
		9FC1E21C203F0A460042DEC0 /* DesignableUITextField.swift */ = {isa = PBXFileReference; lastKnownFileType = sourcecode.swift; path = DesignableUITextField.swift; sourceTree = "<group>"; };
		9FC1E21E203F30A10042DEC0 /* Sample-Bridging-Header.h */ = {isa = PBXFileReference; lastKnownFileType = sourcecode.c.h; path = "Sample-Bridging-Header.h"; sourceTree = "<group>"; };
		9FC1E21F203F30A20042DEC0 /* TPKeyboardAvoidingScrollView.m */ = {isa = PBXFileReference; fileEncoding = 4; lastKnownFileType = sourcecode.c.objc; name = TPKeyboardAvoidingScrollView.m; path = TPKeyboardAvoiding/TPKeyboardAvoidingScrollView.m; sourceTree = "<group>"; };
		9FC1E220203F30A20042DEC0 /* UIScrollView+TPKeyboardAvoidingAdditions.h */ = {isa = PBXFileReference; fileEncoding = 4; lastKnownFileType = sourcecode.c.h; name = "UIScrollView+TPKeyboardAvoidingAdditions.h"; path = "TPKeyboardAvoiding/UIScrollView+TPKeyboardAvoidingAdditions.h"; sourceTree = "<group>"; };
		9FC1E221203F30A20042DEC0 /* UIScrollView+TPKeyboardAvoidingAdditions.m */ = {isa = PBXFileReference; fileEncoding = 4; lastKnownFileType = sourcecode.c.objc; name = "UIScrollView+TPKeyboardAvoidingAdditions.m"; path = "TPKeyboardAvoiding/UIScrollView+TPKeyboardAvoidingAdditions.m"; sourceTree = "<group>"; };
		9FC1E222203F30A20042DEC0 /* TPKeyboardAvoidingCollectionView.h */ = {isa = PBXFileReference; fileEncoding = 4; lastKnownFileType = sourcecode.c.h; name = TPKeyboardAvoidingCollectionView.h; path = TPKeyboardAvoiding/TPKeyboardAvoidingCollectionView.h; sourceTree = "<group>"; };
		9FC1E223203F30A20042DEC0 /* TPKeyboardAvoidingCollectionView.m */ = {isa = PBXFileReference; fileEncoding = 4; lastKnownFileType = sourcecode.c.objc; name = TPKeyboardAvoidingCollectionView.m; path = TPKeyboardAvoiding/TPKeyboardAvoidingCollectionView.m; sourceTree = "<group>"; };
		9FC1E224203F30A30042DEC0 /* TPKeyboardAvoidingScrollView.h */ = {isa = PBXFileReference; fileEncoding = 4; lastKnownFileType = sourcecode.c.h; name = TPKeyboardAvoidingScrollView.h; path = TPKeyboardAvoiding/TPKeyboardAvoidingScrollView.h; sourceTree = "<group>"; };
		9FC1E225203F30A30042DEC0 /* TPKeyboardAvoidingTableView.h */ = {isa = PBXFileReference; fileEncoding = 4; lastKnownFileType = sourcecode.c.h; name = TPKeyboardAvoidingTableView.h; path = TPKeyboardAvoiding/TPKeyboardAvoidingTableView.h; sourceTree = "<group>"; };
		9FC1E226203F30A30042DEC0 /* TPKeyboardAvoidingTableView.m */ = {isa = PBXFileReference; fileEncoding = 4; lastKnownFileType = sourcecode.c.objc; name = TPKeyboardAvoidingTableView.m; path = TPKeyboardAvoiding/TPKeyboardAvoidingTableView.m; sourceTree = "<group>"; };
/* End PBXFileReference section */

/* Begin PBXFrameworksBuildPhase section */
		9F4AAAE8203D643200ADA681 /* Frameworks */ = {
			isa = PBXFrameworksBuildPhase;
			buildActionMask = 2147483647;
			files = (
				9F8D9CE920FF760600D08B15 /* ShuftiPro.framework in Frameworks */,
			);
			runOnlyForDeploymentPostprocessing = 0;
		};
/* End PBXFrameworksBuildPhase section */

/* Begin PBXGroup section */
		9F4AAAE2203D643200ADA681 = {
			isa = PBXGroup;
			children = (
				9F8D9CE820FF760600D08B15 /* ShuftiPro.framework */,
				9F4AAAED203D643200ADA681 /* Sample */,
				9FC1E222203F30A20042DEC0 /* TPKeyboardAvoidingCollectionView.h */,
				9FC1E223203F30A20042DEC0 /* TPKeyboardAvoidingCollectionView.m */,
				9FC1E224203F30A30042DEC0 /* TPKeyboardAvoidingScrollView.h */,
				9FC1E21F203F30A20042DEC0 /* TPKeyboardAvoidingScrollView.m */,
				9FC1E225203F30A30042DEC0 /* TPKeyboardAvoidingTableView.h */,
				9FC1E226203F30A30042DEC0 /* TPKeyboardAvoidingTableView.m */,
				9FC1E220203F30A20042DEC0 /* UIScrollView+TPKeyboardAvoidingAdditions.h */,
				9FC1E221203F30A20042DEC0 /* UIScrollView+TPKeyboardAvoidingAdditions.m */,
				9F4AAAEC203D643200ADA681 /* Products */,
				9FC1E21E203F30A10042DEC0 /* Sample-Bridging-Header.h */,
			);
			sourceTree = "<group>";
		};
		9F4AAAEC203D643200ADA681 /* Products */ = {
			isa = PBXGroup;
			children = (
				9F4AAAEB203D643200ADA681 /* Sample.app */,
			);
			name = Products;
			sourceTree = "<group>";
		};
		9F4AAAED203D643200ADA681 /* Sample */ = {
			isa = PBXGroup;
			children = (
				9F4AAAEE203D643200ADA681 /* AppDelegate.swift */,
				9F4AAAF0203D643200ADA681 /* ViewController.swift */,
				9F4AAAF2203D643200ADA681 /* Main.storyboard */,
				9F4AAAF5203D643200ADA681 /* Assets.xcassets */,
				9F4AAAF7203D643200ADA681 /* LaunchScreen.storyboard */,
				9F4AAAFA203D643200ADA681 /* Info.plist */,
				9FC1E213203EA4480042DEC0 /* FirstViewController.swift */,
				9FC1E219203EE9A10042DEC0 /* CustomDesigns */,
			);
			path = Sample;
			sourceTree = "<group>";
		};
		9FC1E219203EE9A10042DEC0 /* CustomDesigns */ = {
			isa = PBXGroup;
			children = (
				9FC1E217203EBC0F0042DEC0 /* ElementShadow.swift */,
				9FC1E215203EAEA00042DEC0 /* CurvedView.swift */,
				9FC1E21A203EF7290042DEC0 /* CustomBtns.swift */,
				9FC1E21C203F0A460042DEC0 /* DesignableUITextField.swift */,
			);
			path = CustomDesigns;
			sourceTree = "<group>";
		};
/* End PBXGroup section */

/* Begin PBXNativeTarget section */
		9F4AAAEA203D643200ADA681 /* Sample */ = {
			isa = PBXNativeTarget;
			buildConfigurationList = 9F4AAAFD203D643200ADA681 /* Build configuration list for PBXNativeTarget "Sample" */;
			buildPhases = (
				9F4AAAE7203D643200ADA681 /* Sources */,
				9F4AAAE8203D643200ADA681 /* Frameworks */,
				9F4AAAE9203D643200ADA681 /* Resources */,
				9F4AAB03203D647C00ADA681 /* Embed Frameworks */,
			);
			buildRules = (
			);
			dependencies = (
			);
			name = Sample;
			productName = Sample;
			productReference = 9F4AAAEB203D643200ADA681 /* Sample.app */;
			productType = "com.apple.product-type.application";
		};
/* End PBXNativeTarget section */

/* Begin PBXProject section */
		9F4AAAE3203D643200ADA681 /* Project object */ = {
			isa = PBXProject;
			attributes = {
				LastSwiftUpdateCheck = 0920;
				LastUpgradeCheck = 0940;
				ORGANIZATIONNAME = "Programmers Force";
				TargetAttributes = {
					9F4AAAEA203D643200ADA681 = {
						CreatedOnToolsVersion = 9.2;
						LastSwiftMigration = 0920;
						ProvisioningStyle = Automatic;
					};
				};
			};
			buildConfigurationList = 9F4AAAE6203D643200ADA681 /* Build configuration list for PBXProject "Sample" */;
			compatibilityVersion = "Xcode 8.0";
			developmentRegion = en;
			hasScannedForEncodings = 0;
			knownRegions = (
				en,
				Base,
			);
			mainGroup = 9F4AAAE2203D643200ADA681;
			productRefGroup = 9F4AAAEC203D643200ADA681 /* Products */;
			projectDirPath = "";
			projectRoot = "";
			targets = (
				9F4AAAEA203D643200ADA681 /* Sample */,
			);
		};
/* End PBXProject section */

/* Begin PBXResourcesBuildPhase section */
		9F4AAAE9203D643200ADA681 /* Resources */ = {
			isa = PBXResourcesBuildPhase;
			buildActionMask = 2147483647;
			files = (
				9F4AAAF9203D643200ADA681 /* LaunchScreen.storyboard in Resources */,
				9F4AAAF6203D643200ADA681 /* Assets.xcassets in Resources */,
				9F4AAAF4203D643200ADA681 /* Main.storyboard in Resources */,
			);
			runOnlyForDeploymentPostprocessing = 0;
		};
/* End PBXResourcesBuildPhase section */

/* Begin PBXSourcesBuildPhase section */
		9F4AAAE7203D643200ADA681 /* Sources */ = {
			isa = PBXSourcesBuildPhase;
			buildActionMask = 2147483647;
			files = (
				9FC1E229203F30A30042DEC0 /* TPKeyboardAvoidingCollectionView.m in Sources */,
				9FC1E218203EBC0F0042DEC0 /* ElementShadow.swift in Sources */,
				9FC1E227203F30A30042DEC0 /* TPKeyboardAvoidingScrollView.m in Sources */,
				9FC1E21B203EF7290042DEC0 /* CustomBtns.swift in Sources */,
				9FC1E214203EA4480042DEC0 /* FirstViewController.swift in Sources */,
				9FC1E228203F30A30042DEC0 /* UIScrollView+TPKeyboardAvoidingAdditions.m in Sources */,
				9F4AAAF1203D643200ADA681 /* ViewController.swift in Sources */,
				9FC1E21D203F0A460042DEC0 /* DesignableUITextField.swift in Sources */,
				9FC1E22A203F30A30042DEC0 /* TPKeyboardAvoidingTableView.m in Sources */,
				9F4AAAEF203D643200ADA681 /* AppDelegate.swift in Sources */,
				9FC1E216203EAEA00042DEC0 /* CurvedView.swift in Sources */,
			);
			runOnlyForDeploymentPostprocessing = 0;
		};
/* End PBXSourcesBuildPhase section */

/* Begin PBXVariantGroup section */
		9F4AAAF2203D643200ADA681 /* Main.storyboard */ = {
			isa = PBXVariantGroup;
			children = (
				9F4AAAF3203D643200ADA681 /* Base */,
			);
			name = Main.storyboard;
			sourceTree = "<group>";
		};
		9F4AAAF7203D643200ADA681 /* LaunchScreen.storyboard */ = {
			isa = PBXVariantGroup;
			children = (
				9F4AAAF8203D643200ADA681 /* Base */,
			);
			name = LaunchScreen.storyboard;
			sourceTree = "<group>";
		};
/* End PBXVariantGroup section */

/* Begin XCBuildConfiguration section */
		9F4AAAFB203D643200ADA681 /* Debug */ = {
			isa = XCBuildConfiguration;
			buildSettings = {
				ALWAYS_SEARCH_USER_PATHS = NO;
				CLANG_ANALYZER_NONNULL = YES;
				CLANG_ANALYZER_NUMBER_OBJECT_CONVERSION = YES_AGGRESSIVE;
				CLANG_CXX_LANGUAGE_STANDARD = "gnu++14";
				CLANG_CXX_LIBRARY = "libc++";
				CLANG_ENABLE_MODULES = YES;
				CLANG_ENABLE_OBJC_ARC = YES;
				CLANG_WARN_BLOCK_CAPTURE_AUTORELEASING = YES;
				CLANG_WARN_BOOL_CONVERSION = YES;
				CLANG_WARN_COMMA = YES;
				CLANG_WARN_CONSTANT_CONVERSION = YES;
				CLANG_WARN_DEPRECATED_OBJC_IMPLEMENTATIONS = YES;
				CLANG_WARN_DIRECT_OBJC_ISA_USAGE = YES_ERROR;
				CLANG_WARN_DOCUMENTATION_COMMENTS = YES;
				CLANG_WARN_EMPTY_BODY = YES;
				CLANG_WARN_ENUM_CONVERSION = YES;
				CLANG_WARN_INFINITE_RECURSION = YES;
				CLANG_WARN_INT_CONVERSION = YES;
				CLANG_WARN_NON_LITERAL_NULL_CONVERSION = YES;
				CLANG_WARN_OBJC_IMPLICIT_RETAIN_SELF = YES;
				CLANG_WARN_OBJC_LITERAL_CONVERSION = YES;
				CLANG_WARN_OBJC_ROOT_CLASS = YES_ERROR;
				CLANG_WARN_RANGE_LOOP_ANALYSIS = YES;
				CLANG_WARN_STRICT_PROTOTYPES = YES;
				CLANG_WARN_SUSPICIOUS_MOVE = YES;
				CLANG_WARN_UNGUARDED_AVAILABILITY = YES_AGGRESSIVE;
				CLANG_WARN_UNREACHABLE_CODE = YES;
				CLANG_WARN__DUPLICATE_METHOD_MATCH = YES;
				CODE_SIGN_IDENTITY = "iPhone Developer";
				COPY_PHASE_STRIP = NO;
				DEBUG_INFORMATION_FORMAT = dwarf;
				ENABLE_STRICT_OBJC_MSGSEND = YES;
				ENABLE_TESTABILITY = YES;
				GCC_C_LANGUAGE_STANDARD = gnu11;
				GCC_DYNAMIC_NO_PIC = NO;
				GCC_NO_COMMON_BLOCKS = YES;
				GCC_OPTIMIZATION_LEVEL = 0;
				GCC_PREPROCESSOR_DEFINITIONS = (
					"DEBUG=1",
					"$(inherited)",
				);
				GCC_WARN_64_TO_32_BIT_CONVERSION = YES;
				GCC_WARN_ABOUT_RETURN_TYPE = YES_ERROR;
				GCC_WARN_UNDECLARED_SELECTOR = YES;
				GCC_WARN_UNINITIALIZED_AUTOS = YES_AGGRESSIVE;
				GCC_WARN_UNUSED_FUNCTION = YES;
				GCC_WARN_UNUSED_VARIABLE = YES;
				IPHONEOS_DEPLOYMENT_TARGET = 11.2;
				MTL_ENABLE_DEBUG_INFO = YES;
				ONLY_ACTIVE_ARCH = YES;
				SDKROOT = iphoneos;
				SWIFT_ACTIVE_COMPILATION_CONDITIONS = DEBUG;
				SWIFT_OPTIMIZATION_LEVEL = "-Onone";
			};
			name = Debug;
		};
		9F4AAAFC203D643200ADA681 /* Release */ = {
			isa = XCBuildConfiguration;
			buildSettings = {
				ALWAYS_SEARCH_USER_PATHS = NO;
				CLANG_ANALYZER_NONNULL = YES;
				CLANG_ANALYZER_NUMBER_OBJECT_CONVERSION = YES_AGGRESSIVE;
				CLANG_CXX_LANGUAGE_STANDARD = "gnu++14";
				CLANG_CXX_LIBRARY = "libc++";
				CLANG_ENABLE_MODULES = YES;
				CLANG_ENABLE_OBJC_ARC = YES;
				CLANG_WARN_BLOCK_CAPTURE_AUTORELEASING = YES;
				CLANG_WARN_BOOL_CONVERSION = YES;
				CLANG_WARN_COMMA = YES;
				CLANG_WARN_CONSTANT_CONVERSION = YES;
				CLANG_WARN_DEPRECATED_OBJC_IMPLEMENTATIONS = YES;
				CLANG_WARN_DIRECT_OBJC_ISA_USAGE = YES_ERROR;
				CLANG_WARN_DOCUMENTATION_COMMENTS = YES;
				CLANG_WARN_EMPTY_BODY = YES;
				CLANG_WARN_ENUM_CONVERSION = YES;
				CLANG_WARN_INFINITE_RECURSION = YES;
				CLANG_WARN_INT_CONVERSION = YES;
				CLANG_WARN_NON_LITERAL_NULL_CONVERSION = YES;
				CLANG_WARN_OBJC_IMPLICIT_RETAIN_SELF = YES;
				CLANG_WARN_OBJC_LITERAL_CONVERSION = YES;
				CLANG_WARN_OBJC_ROOT_CLASS = YES_ERROR;
				CLANG_WARN_RANGE_LOOP_ANALYSIS = YES;
				CLANG_WARN_STRICT_PROTOTYPES = YES;
				CLANG_WARN_SUSPICIOUS_MOVE = YES;
				CLANG_WARN_UNGUARDED_AVAILABILITY = YES_AGGRESSIVE;
				CLANG_WARN_UNREACHABLE_CODE = YES;
				CLANG_WARN__DUPLICATE_METHOD_MATCH = YES;
				CODE_SIGN_IDENTITY = "iPhone Developer";
				COPY_PHASE_STRIP = NO;
				DEBUG_INFORMATION_FORMAT = "dwarf-with-dsym";
				ENABLE_NS_ASSERTIONS = NO;
				ENABLE_STRICT_OBJC_MSGSEND = YES;
				GCC_C_LANGUAGE_STANDARD = gnu11;
				GCC_NO_COMMON_BLOCKS = YES;
				GCC_WARN_64_TO_32_BIT_CONVERSION = YES;
				GCC_WARN_ABOUT_RETURN_TYPE = YES_ERROR;
				GCC_WARN_UNDECLARED_SELECTOR = YES;
				GCC_WARN_UNINITIALIZED_AUTOS = YES_AGGRESSIVE;
				GCC_WARN_UNUSED_FUNCTION = YES;
				GCC_WARN_UNUSED_VARIABLE = YES;
				IPHONEOS_DEPLOYMENT_TARGET = 11.2;
				MTL_ENABLE_DEBUG_INFO = NO;
				SDKROOT = iphoneos;
				SWIFT_OPTIMIZATION_LEVEL = "-Owholemodule";
				VALIDATE_PRODUCT = YES;
			};
			name = Release;
		};
		9F4AAAFE203D643200ADA681 /* Debug */ = {
			isa = XCBuildConfiguration;
			buildSettings = {
				ASSETCATALOG_COMPILER_APPICON_NAME = AppIcon;
				CLANG_ENABLE_MODULES = YES;
				CODE_SIGN_STYLE = Automatic;
				DEVELOPMENT_TEAM = Z5RH53956M;
				FRAMEWORK_SEARCH_PATHS = (
					"$(inherited)",
					"$(PROJECT_DIR)",
				);
				INFOPLIST_FILE = Sample/Info.plist;
				IPHONEOS_DEPLOYMENT_TARGET = 10.0;
				LD_RUNPATH_SEARCH_PATHS = "$(inherited) @executable_path/Frameworks";
				PRODUCT_BUNDLE_IDENTIFIER = com.programmersforce.Sample;
				PRODUCT_NAME = "$(TARGET_NAME)";
				SWIFT_OBJC_BRIDGING_HEADER = "Sample-Bridging-Header.h";
				SWIFT_OPTIMIZATION_LEVEL = "-Onone";
				SWIFT_VERSION = 4.0;
				TARGETED_DEVICE_FAMILY = "1,2";
			};
			name = Debug;
		};
		9F4AAAFF203D643200ADA681 /* Release */ = {
			isa = XCBuildConfiguration;
			buildSettings = {
				ASSETCATALOG_COMPILER_APPICON_NAME = AppIcon;
				CLANG_ENABLE_MODULES = YES;
				CODE_SIGN_STYLE = Automatic;
				DEVELOPMENT_TEAM = Z5RH53956M;
				FRAMEWORK_SEARCH_PATHS = (
					"$(inherited)",
					"$(PROJECT_DIR)",
				);
				INFOPLIST_FILE = Sample/Info.plist;
				IPHONEOS_DEPLOYMENT_TARGET = 10.0;
				LD_RUNPATH_SEARCH_PATHS = "$(inherited) @executable_path/Frameworks";
				PRODUCT_BUNDLE_IDENTIFIER = com.programmersforce.Sample;
				PRODUCT_NAME = "$(TARGET_NAME)";
				SWIFT_OBJC_BRIDGING_HEADER = "Sample-Bridging-Header.h";
				SWIFT_VERSION = 4.0;
				TARGETED_DEVICE_FAMILY = "1,2";
			};
			name = Release;
		};
/* End XCBuildConfiguration section */

/* Begin XCConfigurationList section */
		9F4AAAE6203D643200ADA681 /* Build configuration list for PBXProject "Sample" */ = {
			isa = XCConfigurationList;
			buildConfigurations = (
				9F4AAAFB203D643200ADA681 /* Debug */,
				9F4AAAFC203D643200ADA681 /* Release */,
			);
			defaultConfigurationIsVisible = 0;
			defaultConfigurationName = Release;
		};
		9F4AAAFD203D643200ADA681 /* Build configuration list for PBXNativeTarget "Sample" */ = {
			isa = XCConfigurationList;
			buildConfigurations = (
				9F4AAAFE203D643200ADA681 /* Debug */,
				9F4AAAFF203D643200ADA681 /* Release */,
			);
			defaultConfigurationIsVisible = 0;
			defaultConfigurationName = Release;
		};
/* End XCConfigurationList section */
	};
	rootObject = 9F4AAAE3203D643200ADA681 /* Project object */;
}
