// !$*UTF8*$!
{
	archiveVersion = 1;
	classes = {
	};
	objectVersion = 50;
	objects = {

/* Begin PBXBuildFile section */
		9F5AF6182199613F00B05883 /* ShuftiPro.framework in Frameworks */ = {isa = PBXBuildFile; fileRef = 9F5AF6172199613F00B05883 /* ShuftiPro.framework */; };
		9F5AF6192199613F00B05883 /* ShuftiPro.framework in Embed Frameworks */ = {isa = PBXBuildFile; fileRef = 9F5AF6172199613F00B05883 /* ShuftiPro.framework */; settings = {ATTRIBUTES = (CodeSignOnCopy, RemoveHeadersOnCopy, ); }; };
		9F756A212192B56C001FECCA /* UIScrollView+TPKeyboardAvoidingAdditions.m in Sources */ = {isa = PBXBuildFile; fileRef = 9F756A1B2192B56C001FECCA /* UIScrollView+TPKeyboardAvoidingAdditions.m */; };
		9F756A222192B56C001FECCA /* TPKeyboardAvoidingTableView.m in Sources */ = {isa = PBXBuildFile; fileRef = 9F756A1C2192B56C001FECCA /* TPKeyboardAvoidingTableView.m */; };
		9F756A232192B56C001FECCA /* TPKeyboardAvoidingScrollView.m in Sources */ = {isa = PBXBuildFile; fileRef = 9F756A1D2192B56C001FECCA /* TPKeyboardAvoidingScrollView.m */; };
		9F756A242192B56C001FECCA /* TPKeyboardAvoidingCollectionView.m in Sources */ = {isa = PBXBuildFile; fileRef = 9F756A1F2192B56C001FECCA /* TPKeyboardAvoidingCollectionView.m */; };
		9F8F2819219173B100C629EE /* AppDelegate.swift in Sources */ = {isa = PBXBuildFile; fileRef = 9F8F2818219173B100C629EE /* AppDelegate.swift */; };
		9F8F281B219173B100C629EE /* ViewController.swift in Sources */ = {isa = PBXBuildFile; fileRef = 9F8F281A219173B100C629EE /* ViewController.swift */; };
		9F8F281E219173B100C629EE /* Main.storyboard in Resources */ = {isa = PBXBuildFile; fileRef = 9F8F281C219173B100C629EE /* Main.storyboard */; };
		9F8F2820219173C100C629EE /* Assets.xcassets in Resources */ = {isa = PBXBuildFile; fileRef = 9F8F281F219173C100C629EE /* Assets.xcassets */; };
		9F8F2823219173C100C629EE /* LaunchScreen.storyboard in Resources */ = {isa = PBXBuildFile; fileRef = 9F8F2821219173C100C629EE /* LaunchScreen.storyboard */; };
/* End PBXBuildFile section */

/* Begin PBXCopyFilesBuildPhase section */
		9F7D7D0B2194136A007C6E08 /* Embed Frameworks */ = {
			isa = PBXCopyFilesBuildPhase;
			buildActionMask = 2147483647;
			dstPath = "";
			dstSubfolderSpec = 10;
			files = (
				9F5AF6192199613F00B05883 /* ShuftiPro.framework in Embed Frameworks */,
			);
			name = "Embed Frameworks";
			runOnlyForDeploymentPostprocessing = 0;
		};
/* End PBXCopyFilesBuildPhase section */

/* Begin PBXFileReference section */
		9F5AF6172199613F00B05883 /* ShuftiPro.framework */ = {isa = PBXFileReference; lastKnownFileType = wrapper.framework; path = ShuftiPro.framework; sourceTree = "<group>"; };
		9F756A192192B56C001FECCA /* TPKeyboardAvoidingScrollView.h */ = {isa = PBXFileReference; fileEncoding = 4; lastKnownFileType = sourcecode.c.h; path = TPKeyboardAvoidingScrollView.h; sourceTree = "<group>"; };
		9F756A1A2192B56C001FECCA /* TPKeyboardAvoidingCollectionView.h */ = {isa = PBXFileReference; fileEncoding = 4; lastKnownFileType = sourcecode.c.h; path = TPKeyboardAvoidingCollectionView.h; sourceTree = "<group>"; };
		9F756A1B2192B56C001FECCA /* UIScrollView+TPKeyboardAvoidingAdditions.m */ = {isa = PBXFileReference; fileEncoding = 4; lastKnownFileType = sourcecode.c.objc; path = "UIScrollView+TPKeyboardAvoidingAdditions.m"; sourceTree = "<group>"; };
		9F756A1C2192B56C001FECCA /* TPKeyboardAvoidingTableView.m */ = {isa = PBXFileReference; fileEncoding = 4; lastKnownFileType = sourcecode.c.objc; path = TPKeyboardAvoidingTableView.m; sourceTree = "<group>"; };
		9F756A1D2192B56C001FECCA /* TPKeyboardAvoidingScrollView.m */ = {isa = PBXFileReference; fileEncoding = 4; lastKnownFileType = sourcecode.c.objc; path = TPKeyboardAvoidingScrollView.m; sourceTree = "<group>"; };
		9F756A1E2192B56C001FECCA /* UIScrollView+TPKeyboardAvoidingAdditions.h */ = {isa = PBXFileReference; fileEncoding = 4; lastKnownFileType = sourcecode.c.h; path = "UIScrollView+TPKeyboardAvoidingAdditions.h"; sourceTree = "<group>"; };
		9F756A1F2192B56C001FECCA /* TPKeyboardAvoidingCollectionView.m */ = {isa = PBXFileReference; fileEncoding = 4; lastKnownFileType = sourcecode.c.objc; path = TPKeyboardAvoidingCollectionView.m; sourceTree = "<group>"; };
		9F756A202192B56C001FECCA /* TPKeyboardAvoidingTableView.h */ = {isa = PBXFileReference; fileEncoding = 4; lastKnownFileType = sourcecode.c.h; path = TPKeyboardAvoidingTableView.h; sourceTree = "<group>"; };
		9F8F2815219173B100C629EE /* ShuftiPro Non OCR.app */ = {isa = PBXFileReference; explicitFileType = wrapper.application; includeInIndex = 0; path = "ShuftiPro Non OCR.app"; sourceTree = BUILT_PRODUCTS_DIR; };
		9F8F2818219173B100C629EE /* AppDelegate.swift */ = {isa = PBXFileReference; lastKnownFileType = sourcecode.swift; path = AppDelegate.swift; sourceTree = "<group>"; };
		9F8F281A219173B100C629EE /* ViewController.swift */ = {isa = PBXFileReference; lastKnownFileType = sourcecode.swift; path = ViewController.swift; sourceTree = "<group>"; };
		9F8F281D219173B100C629EE /* Base */ = {isa = PBXFileReference; lastKnownFileType = file.storyboard; name = Base; path = Base.lproj/Main.storyboard; sourceTree = "<group>"; };
		9F8F281F219173C100C629EE /* Assets.xcassets */ = {isa = PBXFileReference; lastKnownFileType = folder.assetcatalog; path = Assets.xcassets; sourceTree = "<group>"; };
		9F8F2822219173C100C629EE /* Base */ = {isa = PBXFileReference; lastKnownFileType = file.storyboard; name = Base; path = Base.lproj/LaunchScreen.storyboard; sourceTree = "<group>"; };
		9F8F2824219173C100C629EE /* Info.plist */ = {isa = PBXFileReference; lastKnownFileType = text.plist.xml; path = Info.plist; sourceTree = "<group>"; };
/* End PBXFileReference section */

/* Begin PBXFrameworksBuildPhase section */
		9F8F2812219173B100C629EE /* Frameworks */ = {
			isa = PBXFrameworksBuildPhase;
			buildActionMask = 2147483647;
			files = (
				9F5AF6182199613F00B05883 /* ShuftiPro.framework in Frameworks */,
			);
			runOnlyForDeploymentPostprocessing = 0;
		};
/* End PBXFrameworksBuildPhase section */

/* Begin PBXGroup section */
		9F756A182192B56C001FECCA /* TPKeyboardAvoiding */ = {
			isa = PBXGroup;
			children = (
				9F756A192192B56C001FECCA /* TPKeyboardAvoidingScrollView.h */,
				9F756A1A2192B56C001FECCA /* TPKeyboardAvoidingCollectionView.h */,
				9F756A1B2192B56C001FECCA /* UIScrollView+TPKeyboardAvoidingAdditions.m */,
				9F756A1C2192B56C001FECCA /* TPKeyboardAvoidingTableView.m */,
				9F756A1D2192B56C001FECCA /* TPKeyboardAvoidingScrollView.m */,
				9F756A1E2192B56C001FECCA /* UIScrollView+TPKeyboardAvoidingAdditions.h */,
				9F756A1F2192B56C001FECCA /* TPKeyboardAvoidingCollectionView.m */,
				9F756A202192B56C001FECCA /* TPKeyboardAvoidingTableView.h */,
			);
			path = TPKeyboardAvoiding;
			sourceTree = "<group>";
		};
		9F8F280C219173B100C629EE = {
			isa = PBXGroup;
			children = (
				9F5AF6172199613F00B05883 /* ShuftiPro.framework */,
				9F8F2817219173B100C629EE /* ShuftiPro Non OCR */,
				9F756A182192B56C001FECCA /* TPKeyboardAvoiding */,
				9F8F2816219173B100C629EE /* Products */,
			);
			sourceTree = "<group>";
		};
		9F8F2816219173B100C629EE /* Products */ = {
			isa = PBXGroup;
			children = (
				9F8F2815219173B100C629EE /* ShuftiPro Non OCR.app */,
			);
			name = Products;
			sourceTree = "<group>";
		};
		9F8F2817219173B100C629EE /* ShuftiPro Non OCR */ = {
			isa = PBXGroup;
			children = (
				9F8F2818219173B100C629EE /* AppDelegate.swift */,
				9F8F281A219173B100C629EE /* ViewController.swift */,
				9F8F281C219173B100C629EE /* Main.storyboard */,
				9F8F281F219173C100C629EE /* Assets.xcassets */,
				9F8F2821219173C100C629EE /* LaunchScreen.storyboard */,
				9F8F2824219173C100C629EE /* Info.plist */,
			);
			path = "ShuftiPro Non OCR";
			sourceTree = "<group>";
		};
/* End PBXGroup section */

/* Begin PBXNativeTarget section */
		9F8F2814219173B100C629EE /* ShuftiPro Non OCR */ = {
			isa = PBXNativeTarget;
			buildConfigurationList = 9F8F2827219173C100C629EE /* Build configuration list for PBXNativeTarget "ShuftiPro Non OCR" */;
			buildPhases = (
				9F8F2811219173B100C629EE /* Sources */,
				9F8F2812219173B100C629EE /* Frameworks */,
				9F8F2813219173B100C629EE /* Resources */,
				9F7D7D0B2194136A007C6E08 /* Embed Frameworks */,
			);
			buildRules = (
			);
			dependencies = (
			);
			name = "ShuftiPro Non OCR";
			productName = "ShuftiPro Non OCR";
			productReference = 9F8F2815219173B100C629EE /* ShuftiPro Non OCR.app */;
			productType = "com.apple.product-type.application";
		};
/* End PBXNativeTarget section */

/* Begin PBXProject section */
		9F8F280D219173B100C629EE /* Project object */ = {
			isa = PBXProject;
			attributes = {
				LastSwiftUpdateCheck = 1010;
				LastUpgradeCheck = 1010;
				ORGANIZATIONNAME = "Programmers Force";
				TargetAttributes = {
					9F8F2814219173B100C629EE = {
						CreatedOnToolsVersion = 10.1;
					};
				};
			};
			buildConfigurationList = 9F8F2810219173B100C629EE /* Build configuration list for PBXProject "ShuftiPro Non OCR" */;
			compatibilityVersion = "Xcode 9.3";
			developmentRegion = en;
			hasScannedForEncodings = 0;
			knownRegions = (
				en,
				Base,
			);
			mainGroup = 9F8F280C219173B100C629EE;
			productRefGroup = 9F8F2816219173B100C629EE /* Products */;
			projectDirPath = "";
			projectRoot = "";
			targets = (
				9F8F2814219173B100C629EE /* ShuftiPro Non OCR */,
			);
		};
/* End PBXProject section */

/* Begin PBXResourcesBuildPhase section */
		9F8F2813219173B100C629EE /* Resources */ = {
			isa = PBXResourcesBuildPhase;
			buildActionMask = 2147483647;
			files = (
				9F8F2823219173C100C629EE /* LaunchScreen.storyboard in Resources */,
				9F8F2820219173C100C629EE /* Assets.xcassets in Resources */,
				9F8F281E219173B100C629EE /* Main.storyboard in Resources */,
			);
			runOnlyForDeploymentPostprocessing = 0;
		};
/* End PBXResourcesBuildPhase section */

/* Begin PBXSourcesBuildPhase section */
		9F8F2811219173B100C629EE /* Sources */ = {
			isa = PBXSourcesBuildPhase;
			buildActionMask = 2147483647;
			files = (
				9F8F281B219173B100C629EE /* ViewController.swift in Sources */,
				9F756A232192B56C001FECCA /* TPKeyboardAvoidingScrollView.m in Sources */,
				9F756A222192B56C001FECCA /* TPKeyboardAvoidingTableView.m in Sources */,
				9F756A212192B56C001FECCA /* UIScrollView+TPKeyboardAvoidingAdditions.m in Sources */,
				9F756A242192B56C001FECCA /* TPKeyboardAvoidingCollectionView.m in Sources */,
				9F8F2819219173B100C629EE /* AppDelegate.swift in Sources */,
			);
			runOnlyForDeploymentPostprocessing = 0;
		};
/* End PBXSourcesBuildPhase section */

/* Begin PBXVariantGroup section */
		9F8F281C219173B100C629EE /* Main.storyboard */ = {
			isa = PBXVariantGroup;
			children = (
				9F8F281D219173B100C629EE /* Base */,
			);
			name = Main.storyboard;
			sourceTree = "<group>";
		};
		9F8F2821219173C100C629EE /* LaunchScreen.storyboard */ = {
			isa = PBXVariantGroup;
			children = (
				9F8F2822219173C100C629EE /* Base */,
			);
			name = LaunchScreen.storyboard;
			sourceTree = "<group>";
		};
/* End PBXVariantGroup section */

/* Begin XCBuildConfiguration section */
		9F8F2825219173C100C629EE /* Debug */ = {
			isa = XCBuildConfiguration;
			buildSettings = {
				ALWAYS_SEARCH_USER_PATHS = NO;
				CLANG_ANALYZER_NONNULL = YES;
				CLANG_ANALYZER_NUMBER_OBJECT_CONVERSION = YES_AGGRESSIVE;
				CLANG_CXX_LANGUAGE_STANDARD = "gnu++14";
				CLANG_CXX_LIBRARY = "libc++";
				CLANG_ENABLE_MODULES = YES;
				CLANG_ENABLE_OBJC_ARC = YES;
				CLANG_ENABLE_OBJC_WEAK = YES;
				CLANG_WARN_BLOCK_CAPTURE_AUTORELEASING = YES;
				CLANG_WARN_BOOL_CONVERSION = YES;
				CLANG_WARN_COMMA = YES;
				CLANG_WARN_CONSTANT_CONVERSION = YES;
				CLANG_WARN_DEPRECATED_OBJC_IMPLEMENTATIONS = YES;
				CLANG_WARN_DIRECT_OBJC_ISA_USAGE = YES_ERROR;
				CLANG_WARN_DOCUMENTATION_COMMENTS = YES;
				CLANG_WARN_EMPTY_BODY = YES;
				CLANG_WARN_ENUM_CONVERSION = YES;
				CLANG_WARN_INFINITE_RECURSION = YES;
				CLANG_WARN_INT_CONVERSION = YES;
				CLANG_WARN_NON_LITERAL_NULL_CONVERSION = YES;
				CLANG_WARN_OBJC_IMPLICIT_RETAIN_SELF = YES;
				CLANG_WARN_OBJC_LITERAL_CONVERSION = YES;
				CLANG_WARN_OBJC_ROOT_CLASS = YES_ERROR;
				CLANG_WARN_RANGE_LOOP_ANALYSIS = YES;
				CLANG_WARN_STRICT_PROTOTYPES = YES;
				CLANG_WARN_SUSPICIOUS_MOVE = YES;
				CLANG_WARN_UNGUARDED_AVAILABILITY = YES_AGGRESSIVE;
				CLANG_WARN_UNREACHABLE_CODE = YES;
				CLANG_WARN__DUPLICATE_METHOD_MATCH = YES;
				CODE_SIGN_IDENTITY = "iPhone Developer";
				COPY_PHASE_STRIP = NO;
				DEBUG_INFORMATION_FORMAT = dwarf;
				ENABLE_STRICT_OBJC_MSGSEND = YES;
				ENABLE_TESTABILITY = YES;
				GCC_C_LANGUAGE_STANDARD = gnu11;
				GCC_DYNAMIC_NO_PIC = NO;
				GCC_NO_COMMON_BLOCKS = YES;
				GCC_OPTIMIZATION_LEVEL = 0;
				GCC_PREPROCESSOR_DEFINITIONS = (
					"DEBUG=1",
					"$(inherited)",
				);
				GCC_WARN_64_TO_32_BIT_CONVERSION = YES;
				GCC_WARN_ABOUT_RETURN_TYPE = YES_ERROR;
				GCC_WARN_UNDECLARED_SELECTOR = YES;
				GCC_WARN_UNINITIALIZED_AUTOS = YES_AGGRESSIVE;
				GCC_WARN_UNUSED_FUNCTION = YES;
				GCC_WARN_UNUSED_VARIABLE = YES;
				IPHONEOS_DEPLOYMENT_TARGET = 12.1;
				MTL_ENABLE_DEBUG_INFO = INCLUDE_SOURCE;
				MTL_FAST_MATH = YES;
				ONLY_ACTIVE_ARCH = YES;
				SDKROOT = iphoneos;
				SWIFT_ACTIVE_COMPILATION_CONDITIONS = DEBUG;
				SWIFT_OPTIMIZATION_LEVEL = "-Onone";
			};
			name = Debug;
		};
		9F8F2826219173C100C629EE /* Release */ = {
			isa = XCBuildConfiguration;
			buildSettings = {
				ALWAYS_SEARCH_USER_PATHS = NO;
				CLANG_ANALYZER_NONNULL = YES;
				CLANG_ANALYZER_NUMBER_OBJECT_CONVERSION = YES_AGGRESSIVE;
				CLANG_CXX_LANGUAGE_STANDARD = "gnu++14";
				CLANG_CXX_LIBRARY = "libc++";
				CLANG_ENABLE_MODULES = YES;
				CLANG_ENABLE_OBJC_ARC = YES;
				CLANG_ENABLE_OBJC_WEAK = YES;
				CLANG_WARN_BLOCK_CAPTURE_AUTORELEASING = YES;
				CLANG_WARN_BOOL_CONVERSION = YES;
				CLANG_WARN_COMMA = YES;
				CLANG_WARN_CONSTANT_CONVERSION = YES;
				CLANG_WARN_DEPRECATED_OBJC_IMPLEMENTATIONS = YES;
				CLANG_WARN_DIRECT_OBJC_ISA_USAGE = YES_ERROR;
				CLANG_WARN_DOCUMENTATION_COMMENTS = YES;
				CLANG_WARN_EMPTY_BODY = YES;
				CLANG_WARN_ENUM_CONVERSION = YES;
				CLANG_WARN_INFINITE_RECURSION = YES;
				CLANG_WARN_INT_CONVERSION = YES;
				CLANG_WARN_NON_LITERAL_NULL_CONVERSION = YES;
				CLANG_WARN_OBJC_IMPLICIT_RETAIN_SELF = YES;
				CLANG_WARN_OBJC_LITERAL_CONVERSION = YES;
				CLANG_WARN_OBJC_ROOT_CLASS = YES_ERROR;
				CLANG_WARN_RANGE_LOOP_ANALYSIS = YES;
				CLANG_WARN_STRICT_PROTOTYPES = YES;
				CLANG_WARN_SUSPICIOUS_MOVE = YES;
				CLANG_WARN_UNGUARDED_AVAILABILITY = YES_AGGRESSIVE;
				CLANG_WARN_UNREACHABLE_CODE = YES;
				CLANG_WARN__DUPLICATE_METHOD_MATCH = YES;
				CODE_SIGN_IDENTITY = "iPhone Developer";
				COPY_PHASE_STRIP = NO;
				DEBUG_INFORMATION_FORMAT = "dwarf-with-dsym";
				ENABLE_NS_ASSERTIONS = NO;
				ENABLE_STRICT_OBJC_MSGSEND = YES;
				GCC_C_LANGUAGE_STANDARD = gnu11;
				GCC_NO_COMMON_BLOCKS = YES;
				GCC_WARN_64_TO_32_BIT_CONVERSION = YES;
				GCC_WARN_ABOUT_RETURN_TYPE = YES_ERROR;
				GCC_WARN_UNDECLARED_SELECTOR = YES;
				GCC_WARN_UNINITIALIZED_AUTOS = YES_AGGRESSIVE;
				GCC_WARN_UNUSED_FUNCTION = YES;
				GCC_WARN_UNUSED_VARIABLE = YES;
				IPHONEOS_DEPLOYMENT_TARGET = 12.1;
				MTL_ENABLE_DEBUG_INFO = NO;
				MTL_FAST_MATH = YES;
				SDKROOT = iphoneos;
				SWIFT_COMPILATION_MODE = wholemodule;
				SWIFT_OPTIMIZATION_LEVEL = "-O";
				VALIDATE_PRODUCT = YES;
			};
			name = Release;
		};
		9F8F2828219173C100C629EE /* Debug */ = {
			isa = XCBuildConfiguration;
			buildSettings = {
				ASSETCATALOG_COMPILER_APPICON_NAME = AppIcon;
				CODE_SIGN_STYLE = Automatic;
				DEVELOPMENT_TEAM = J9H5JP8KLQ;
				FRAMEWORK_SEARCH_PATHS = (
					"$(inherited)",
					"$(PROJECT_DIR)",
				);
				INFOPLIST_FILE = "ShuftiPro Non OCR/Info.plist";
				IPHONEOS_DEPLOYMENT_TARGET = 10.0;
				LD_RUNPATH_SEARCH_PATHS = (
					"$(inherited)",
					"@executable_path/Frameworks",
				);
				PRODUCT_BUNDLE_IDENTIFIER = "com.programmersforce.ShuftiPro-Non-OCR";
				PRODUCT_NAME = "$(TARGET_NAME)";
				SWIFT_VERSION = 4.2;
				TARGETED_DEVICE_FAMILY = "1,2";
			};
			name = Debug;
		};
		9F8F2829219173C100C629EE /* Release */ = {
			isa = XCBuildConfiguration;
			buildSettings = {
				ASSETCATALOG_COMPILER_APPICON_NAME = AppIcon;
				CODE_SIGN_STYLE = Automatic;
				DEVELOPMENT_TEAM = J9H5JP8KLQ;
				FRAMEWORK_SEARCH_PATHS = (
					"$(inherited)",
					"$(PROJECT_DIR)",
				);
				INFOPLIST_FILE = "ShuftiPro Non OCR/Info.plist";
				IPHONEOS_DEPLOYMENT_TARGET = 10.0;
				LD_RUNPATH_SEARCH_PATHS = (
					"$(inherited)",
					"@executable_path/Frameworks",
				);
				PRODUCT_BUNDLE_IDENTIFIER = "com.programmersforce.ShuftiPro-Non-OCR";
				PRODUCT_NAME = "$(TARGET_NAME)";
				SWIFT_VERSION = 4.2;
				TARGETED_DEVICE_FAMILY = "1,2";
			};
			name = Release;
		};
/* End XCBuildConfiguration section */

/* Begin XCConfigurationList section */
		9F8F2810219173B100C629EE /* Build configuration list for PBXProject "ShuftiPro Non OCR" */ = {
			isa = XCConfigurationList;
			buildConfigurations = (
				9F8F2825219173C100C629EE /* Debug */,
				9F8F2826219173C100C629EE /* Release */,
			);
			defaultConfigurationIsVisible = 0;
			defaultConfigurationName = Release;
		};
		9F8F2827219173C100C629EE /* Build configuration list for PBXNativeTarget "ShuftiPro Non OCR" */ = {
			isa = XCConfigurationList;
			buildConfigurations = (
				9F8F2828219173C100C629EE /* Debug */,
				9F8F2829219173C100C629EE /* Release */,
			);
			defaultConfigurationIsVisible = 0;
			defaultConfigurationName = Release;
		};
/* End XCConfigurationList section */
	};
	rootObject = 9F8F280D219173B100C629EE /* Project object */;
}
